
Microsoft Visual Studio Solution File, Format Version 12.00
# Visual Studio Version 17
VisualStudioVersion = 17.14.36310.24 d17.14
MinimumVisualStudioVersion = 10.0.40219.1
Project("{FAE04EC0-301F-11D3-BF4B-00C04F79EFBC}") = "WinFormsApp1", "WinFormsApp1\WinFormsApp1.csproj", "{DC75B38F-72EA-4A0C-8279-9ED09999BD07}"
EndProject
Global
	GlobalSection(SolutionConfigurationPlatforms) = preSolution
		Debug|Any CPU = Debug|Any CPU
		Release|Any CPU = Release|Any CPU
	EndGlobalSection
	GlobalSection(ProjectConfigurationPlatforms) = postSolution
		{DC75B38F-72EA-4A0C-8279-9ED09999BD07}.Debug|Any CPU.ActiveCfg = Debug|Any CPU
		{DC75B38F-72EA-4A0C-8279-9ED09999BD07}.Debug|Any CPU.Build.0 = Debug|Any CPU
		{DC75B38F-72EA-4A0C-8279-9ED09999BD07}.Release|Any CPU.ActiveCfg = Release|Any CPU
		{DC75B38F-72EA-4A0C-8279-9ED09999BD07}.Release|Any CPU.Build.0 = Release|Any CPU
	EndGlobalSection
	GlobalSection(SolutionProperties) = preSolution
		HideSolutionNode = FALSE
	EndGlobalSection
	GlobalSection(ExtensibilityGlobals) = postSolution
		SolutionGuid = {E81F20D2-8F05-45D4-B5E2-92F366D98207}
	EndGlobalSection
EndGlobal
